{
  "version": "3",
  "packages": {
    "specifiers": {
      "npm:@lucia-auth/adapter-session-unstorage@2.1.0": "npm:@lucia-auth/adapter-session-unstorage@2.1.0_lucia@2.7.4_unstorage@1.9.0"
    },
    "npm": {
      "@ioredis/commands@1.2.0": {
        "integrity": "sha512-Sx1pU8EM64o2BrqNpEO1CNLtKQwyhuXuqyfH7oGKCk+1a33d2r5saW8zNwm3j6BTExtjrv2BxTgzzkMwts6vGg==",
        "dependencies": {}
      },
      "@lucia-auth/adapter-session-unstorage@2.1.0_lucia@2.7.4_unstorage@1.9.0": {
        "integrity": "sha512-ItK7urZhLZv7UO99BcODjRhSAv58UPc+KQAmnkSvri2WBc22vFEjnjd/oWp3CZPdbbrJkuTvsuhFXH1ySBfOLg==",
        "dependencies": {
          "lucia": "lucia@2.7.4",
          "unstorage": "unstorage@1.9.0"
        }
      },
      "@parcel/watcher-android-arm64@2.3.0": {
        "integrity": "sha512-f4o9eA3dgk0XRT3XhB0UWpWpLnKgrh1IwNJKJ7UJek7eTYccQ8LR7XUWFKqw6aEq5KUNlCcGvSzKqSX/vtWVVA==",
        "dependencies": {}
      },
      "@parcel/watcher-darwin-arm64@2.3.0": {
        "integrity": "sha512-mKY+oijI4ahBMc/GygVGvEdOq0L4DxhYgwQqYAz/7yPzuGi79oXrZG52WdpGA1wLBPrYb0T8uBaGFo7I6rvSKw==",
        "dependencies": {}
      },
      "@parcel/watcher-darwin-x64@2.3.0": {
        "integrity": "sha512-20oBj8LcEOnLE3mgpy6zuOq8AplPu9NcSSSfyVKgfOhNAc4eF4ob3ldj0xWjGGbOF7Dcy1Tvm6ytvgdjlfUeow==",
        "dependencies": {}
      },
      "@parcel/watcher-freebsd-x64@2.3.0": {
        "integrity": "sha512-7LftKlaHunueAEiojhCn+Ef2CTXWsLgTl4hq0pkhkTBFI3ssj2bJXmH2L67mKpiAD5dz66JYk4zS66qzdnIOgw==",
        "dependencies": {}
      },
      "@parcel/watcher-linux-arm-glibc@2.3.0": {
        "integrity": "sha512-1apPw5cD2xBv1XIHPUlq0cO6iAaEUQ3BcY0ysSyD9Kuyw4MoWm1DV+W9mneWI+1g6OeP6dhikiFE6BlU+AToTQ==",
        "dependencies": {}
      },
      "@parcel/watcher-linux-arm64-glibc@2.3.0": {
        "integrity": "sha512-mQ0gBSQEiq1k/MMkgcSB0Ic47UORZBmWoAWlMrTW6nbAGoLZP+h7AtUM7H3oDu34TBFFvjy4JCGP43JlylkTQA==",
        "dependencies": {}
      },
      "@parcel/watcher-linux-arm64-musl@2.3.0": {
        "integrity": "sha512-LXZAExpepJew0Gp8ZkJ+xDZaTQjLHv48h0p0Vw2VMFQ8A+RKrAvpFuPVCVwKJCr5SE+zvaG+Etg56qXvTDIedw==",
        "dependencies": {}
      },
      "@parcel/watcher-linux-x64-glibc@2.3.0": {
        "integrity": "sha512-P7Wo91lKSeSgMTtG7CnBS6WrA5otr1K7shhSjKHNePVmfBHDoAOHYRXgUmhiNfbcGk0uMCHVcdbfxtuiZCHVow==",
        "dependencies": {}
      },
      "@parcel/watcher-linux-x64-musl@2.3.0": {
        "integrity": "sha512-+kiRE1JIq8QdxzwoYY+wzBs9YbJ34guBweTK8nlzLKimn5EQ2b2FSC+tAOpq302BuIMjyuUGvBiUhEcLIGMQ5g==",
        "dependencies": {}
      },
      "@parcel/watcher-wasm@2.3.0": {
        "integrity": "sha512-ejBAX8H0ZGsD8lSICDNyMbSEtPMWgDL0WFCt/0z7hyf5v8Imz4rAM8xY379mBsECkq/Wdqa5WEDLqtjZ+6NxfA==",
        "dependencies": {
          "is-glob": "is-glob@4.0.3",
          "micromatch": "micromatch@4.0.5",
          "napi-wasm": "napi-wasm@1.1.0"
        }
      },
      "@parcel/watcher-win32-arm64@2.3.0": {
        "integrity": "sha512-35gXCnaz1AqIXpG42evcoP2+sNL62gZTMZne3IackM+6QlfMcJLy3DrjuL6Iks7Czpd3j4xRBzez3ADCj1l7Aw==",
        "dependencies": {}
      },
      "@parcel/watcher-win32-ia32@2.3.0": {
        "integrity": "sha512-FJS/IBQHhRpZ6PiCjFt1UAcPr0YmCLHRbTc00IBTrelEjlmmgIVLeOx4MSXzx2HFEy5Jo5YdhGpxCuqCyDJ5ow==",
        "dependencies": {}
      },
      "@parcel/watcher-win32-x64@2.3.0": {
        "integrity": "sha512-dLx+0XRdMnVI62kU3wbXvbIRhLck4aE28bIGKbRGS7BJNt54IIj9+c/Dkqb+7DJEbHUZAX1bwaoM8PqVlHJmCA==",
        "dependencies": {}
      },
      "@parcel/watcher@2.3.0": {
        "integrity": "sha512-pW7QaFiL11O0BphO+bq3MgqeX/INAk9jgBldVDYjlQPO4VddoZnF22TcF9onMhnLVHuNqBJeRf+Fj7eezi/+rQ==",
        "dependencies": {
          "@parcel/watcher-android-arm64": "@parcel/watcher-android-arm64@2.3.0",
          "@parcel/watcher-darwin-arm64": "@parcel/watcher-darwin-arm64@2.3.0",
          "@parcel/watcher-darwin-x64": "@parcel/watcher-darwin-x64@2.3.0",
          "@parcel/watcher-freebsd-x64": "@parcel/watcher-freebsd-x64@2.3.0",
          "@parcel/watcher-linux-arm-glibc": "@parcel/watcher-linux-arm-glibc@2.3.0",
          "@parcel/watcher-linux-arm64-glibc": "@parcel/watcher-linux-arm64-glibc@2.3.0",
          "@parcel/watcher-linux-arm64-musl": "@parcel/watcher-linux-arm64-musl@2.3.0",
          "@parcel/watcher-linux-x64-glibc": "@parcel/watcher-linux-x64-glibc@2.3.0",
          "@parcel/watcher-linux-x64-musl": "@parcel/watcher-linux-x64-musl@2.3.0",
          "@parcel/watcher-win32-arm64": "@parcel/watcher-win32-arm64@2.3.0",
          "@parcel/watcher-win32-ia32": "@parcel/watcher-win32-ia32@2.3.0",
          "@parcel/watcher-win32-x64": "@parcel/watcher-win32-x64@2.3.0",
          "detect-libc": "detect-libc@1.0.3",
          "is-glob": "is-glob@4.0.3",
          "micromatch": "micromatch@4.0.5",
          "node-addon-api": "node-addon-api@7.0.0"
        }
      },
      "acorn@8.11.2": {
        "integrity": "sha512-nc0Axzp/0FILLEVsm4fNwLCwMttvhEI263QtVPQcbpfZZ3ts0hLsZGOpE6czNlid7CJ9MlyH8reXkpsf3YUY4w==",
        "dependencies": {}
      },
      "anymatch@3.1.3": {
        "integrity": "sha512-KMReFUr0B4t+D+OBkjR3KYqvocp2XaSzO55UcB6mgQMd3KbcE+mWTyvVV7D/zsdEbNnV6acZUutkiHQXvTr1Rw==",
        "dependencies": {
          "normalize-path": "normalize-path@3.0.0",
          "picomatch": "picomatch@2.3.1"
        }
      },
      "arch@2.2.0": {
        "integrity": "sha512-Of/R0wqp83cgHozfIYLbBMnej79U/SVGOOyuB3VVFv1NRM/PSFMK12x9KVtiYzJqmnU5WR2qp0Z5rHb7sWGnFQ==",
        "dependencies": {}
      },
      "binary-extensions@2.2.0": {
        "integrity": "sha512-jDctJ/IVQbZoJykoeHbhXpOlNBqGNcwXJKJog42E5HDPUwQTSdjCHdihjj0DlnheQ7blbT6dHOafNAiS8ooQKA==",
        "dependencies": {}
      },
      "braces@3.0.2": {
        "integrity": "sha512-b8um+L1RzM3WDSzvhm6gIz1yfTbBt6YTlcEKAvsmqCZZFw46z626lVj9j1yEPW33H5H+lBQpZMP1k8l+78Ha0A==",
        "dependencies": {
          "fill-range": "fill-range@7.0.1"
        }
      },
      "chokidar@3.5.3": {
        "integrity": "sha512-Dr3sfKRP6oTcjf2JmUmFJfeVMvXBdegxB0iVQ5eb2V10uFJUCAS8OByZdVAyVb8xXNz3GjjTgj9kLWsZTqE6kw==",
        "dependencies": {
          "anymatch": "anymatch@3.1.3",
          "braces": "braces@3.0.2",
          "fsevents": "fsevents@2.3.3",
          "glob-parent": "glob-parent@5.1.2",
          "is-binary-path": "is-binary-path@2.1.0",
          "is-glob": "is-glob@4.0.3",
          "normalize-path": "normalize-path@3.0.0",
          "readdirp": "readdirp@3.6.0"
        }
      },
      "citty@0.1.4": {
        "integrity": "sha512-Q3bK1huLxzQrvj7hImJ7Z1vKYJRPQCDnd0EjXfHMidcjecGOMuLrmuQmtWmFkuKLcMThlGh1yCKG8IEc6VeNXQ==",
        "dependencies": {
          "consola": "consola@3.2.3"
        }
      },
      "clipboardy@3.0.0": {
        "integrity": "sha512-Su+uU5sr1jkUy1sGRpLKjKrvEOVXgSgiSInwa/qeID6aJ07yh+5NWc3h2QfjHjBnfX4LhtFcuAWKUsJ3r+fjbg==",
        "dependencies": {
          "arch": "arch@2.2.0",
          "execa": "execa@5.1.1",
          "is-wsl": "is-wsl@2.2.0"
        }
      },
      "cluster-key-slot@1.1.2": {
        "integrity": "sha512-RMr0FhtfXemyinomL4hrWcYJxmX6deFdCxpJzhDttxgO1+bcCnkk+9drydLVDmAMG7NE6aN/fl4F7ucU/90gAA==",
        "dependencies": {}
      },
      "consola@3.2.3": {
        "integrity": "sha512-I5qxpzLv+sJhTVEoLYNcTW+bThDCPsit0vLNKShZx6rLtpilNpmmeTPaeqJb9ZE9dV3DGaeby6Vuhrw38WjeyQ==",
        "dependencies": {}
      },
      "cookie-es@1.0.0": {
        "integrity": "sha512-mWYvfOLrfEc996hlKcdABeIiPHUPC6DM2QYZdGGOvhOTbA3tjm2eBwqlJpoFdjC89NI4Qt6h0Pu06Mp+1Pj5OQ==",
        "dependencies": {}
      },
      "cross-spawn@7.0.3": {
        "integrity": "sha512-iRDPJKUPVEND7dHPO8rkbOnPpyDygcDFtWjpeWNCgy8WP2rXcxXL8TskReQl6OrB2G7+UJrags1q15Fudc7G6w==",
        "dependencies": {
          "path-key": "path-key@3.1.1",
          "shebang-command": "shebang-command@2.0.0",
          "which": "which@2.0.2"
        }
      },
      "debug@4.3.4": {
        "integrity": "sha512-PRWFHuSU3eDtQJPvnNY7Jcket1j0t5OuOsFzPPzsekD52Zl8qUfFIPEiswXqIvHWGVHOgX+7G/vCNNhehwxfkQ==",
        "dependencies": {
          "ms": "ms@2.1.2"
        }
      },
      "defu@6.1.3": {
        "integrity": "sha512-Vy2wmG3NTkmHNg/kzpuvHhkqeIx3ODWqasgCRbKtbXEN0G+HpEEv9BtJLp7ZG1CZloFaC41Ah3ZFbq7aqCqMeQ==",
        "dependencies": {}
      },
      "denque@2.1.0": {
        "integrity": "sha512-HVQE3AAb/pxF8fQAoiqpvg9i3evqug3hoiwakOyZAwJm+6vZehbkYXZ0l4JxS+I3QxM97v5aaRNhj8v5oBhekw==",
        "dependencies": {}
      },
      "destr@2.0.2": {
        "integrity": "sha512-65AlobnZMiCET00KaFFjUefxDX0khFA/E4myqZ7a6Sq1yZtR8+FVIvilVX66vF2uobSumxooYZChiRPCKNqhmg==",
        "dependencies": {}
      },
      "detect-libc@1.0.3": {
        "integrity": "sha512-pGjwhsmsp4kL2RTz08wcOlGN83otlqHeD/Z5T8GXZB+/YcpQ/dgo+lbU8ZsGxV0HIvqqxo9l7mqYwyYMD9bKDg==",
        "dependencies": {}
      },
      "execa@5.1.1": {
        "integrity": "sha512-8uSpZZocAZRBAPIEINJj3Lo9HyGitllczc27Eh5YYojjMFMn8yHMDMaUHE2Jqfq05D/wucwI4JGURyXt1vchyg==",
        "dependencies": {
          "cross-spawn": "cross-spawn@7.0.3",
          "get-stream": "get-stream@6.0.1",
          "human-signals": "human-signals@2.1.0",
          "is-stream": "is-stream@2.0.1",
          "merge-stream": "merge-stream@2.0.0",
          "npm-run-path": "npm-run-path@4.0.1",
          "onetime": "onetime@5.1.2",
          "signal-exit": "signal-exit@3.0.7",
          "strip-final-newline": "strip-final-newline@2.0.0"
        }
      },
      "fill-range@7.0.1": {
        "integrity": "sha512-qOo9F+dMUmC2Lcb4BbVvnKJxTPjCm+RRpe4gDuGrzkL7mEVl/djYSu2OdQ2Pa302N4oqkSg9ir6jaLWJ2USVpQ==",
        "dependencies": {
          "to-regex-range": "to-regex-range@5.0.1"
        }
      },
      "fsevents@2.3.3": {
        "integrity": "sha512-5xoDfX+fL7faATnagmWPpbFtwh/R77WmMMqqHGS65C3vvB0YHrgF+B1YmZ3441tMj5n63k0212XNoJwzlhffQw==",
        "dependencies": {}
      },
      "get-port-please@3.1.1": {
        "integrity": "sha512-3UBAyM3u4ZBVYDsxOQfJDxEa6XTbpBDrOjp4mf7ExFRt5BKs/QywQQiJsh2B+hxcZLSapWqCRvElUe8DnKcFHA==",
        "dependencies": {}
      },
      "get-stream@6.0.1": {
        "integrity": "sha512-ts6Wi+2j3jQjqi70w5AlN8DFnkSwC+MqmxEzdEALB2qXZYV3X/b1CTfgPLGJNMeAWxdPfU8FO1ms3NUfaHCPYg==",
        "dependencies": {}
      },
      "glob-parent@5.1.2": {
        "integrity": "sha512-AOIgSQCepiJYwP3ARnGx+5VnTu2HBYdzbGP45eLw1vr3zB3vZLeyed1sC9hnbcOc9/SrMyM5RPQrkGz4aS9Zow==",
        "dependencies": {
          "is-glob": "is-glob@4.0.3"
        }
      },
      "h3@1.8.2": {
        "integrity": "sha512-1Ca0orJJlCaiFY68BvzQtP2lKLk46kcLAxVM8JgYbtm2cUg6IY7pjpYgWMwUvDO9QI30N5JAukOKoT8KD3Q0PQ==",
        "dependencies": {
          "cookie-es": "cookie-es@1.0.0",
          "defu": "defu@6.1.3",
          "destr": "destr@2.0.2",
          "iron-webcrypto": "iron-webcrypto@0.10.1",
          "radix3": "radix3@1.1.0",
          "ufo": "ufo@1.3.1",
          "uncrypto": "uncrypto@0.1.3",
          "unenv": "unenv@1.7.4"
        }
      },
      "http-shutdown@1.2.2": {
        "integrity": "sha512-S9wWkJ/VSY9/k4qcjG318bqJNruzE4HySUhFYknwmu6LBP97KLLfwNf+n4V1BHurvFNkSKLFnK/RsuUnRTf9Vw==",
        "dependencies": {}
      },
      "human-signals@2.1.0": {
        "integrity": "sha512-B4FFZ6q/T2jhhksgkbEW3HBvWIfDW85snkQgawt07S7J5QXTk6BkNV+0yAeZrM5QpMAdYlocGoljn0sJ/WQkFw==",
        "dependencies": {}
      },
      "ioredis@5.3.2": {
        "integrity": "sha512-1DKMMzlIHM02eBBVOFQ1+AolGjs6+xEcM4PDL7NqOS6szq7H9jSaEkIUH6/a5Hl241LzW6JLSiAbNvTQjUupUA==",
        "dependencies": {
          "@ioredis/commands": "@ioredis/commands@1.2.0",
          "cluster-key-slot": "cluster-key-slot@1.1.2",
          "debug": "debug@4.3.4",
          "denque": "denque@2.1.0",
          "lodash.defaults": "lodash.defaults@4.2.0",
          "lodash.isarguments": "lodash.isarguments@3.1.0",
          "redis-errors": "redis-errors@1.2.0",
          "redis-parser": "redis-parser@3.0.0",
          "standard-as-callback": "standard-as-callback@2.1.0"
        }
      },
      "iron-webcrypto@0.10.1": {
        "integrity": "sha512-QGOS8MRMnj/UiOa+aMIgfyHcvkhqNUsUxb1XzskENvbo+rEfp6TOwqd1KPuDzXC4OnGHcMSVxDGRoilqB8ViqA==",
        "dependencies": {}
      },
      "is-binary-path@2.1.0": {
        "integrity": "sha512-ZMERYes6pDydyuGidse7OsHxtbI7WVeUEozgR/g7rd0xUimYNlvZRE/K2MgZTjWy725IfelLeVcEM97mmtRGXw==",
        "dependencies": {
          "binary-extensions": "binary-extensions@2.2.0"
        }
      },
      "is-docker@2.2.1": {
        "integrity": "sha512-F+i2BKsFrH66iaUFc0woD8sLy8getkwTwtOBjvs56Cx4CgJDeKQeqfz8wAYiSb8JOprWhHH5p77PbmYCvvUuXQ==",
        "dependencies": {}
      },
      "is-extglob@2.1.1": {
        "integrity": "sha512-SbKbANkN603Vi4jEZv49LeVJMn4yGwsbzZworEoyEiutsN3nJYdbO36zfhGJ6QEDpOZIFkDtnq5JRxmvl3jsoQ==",
        "dependencies": {}
      },
      "is-glob@4.0.3": {
        "integrity": "sha512-xelSayHH36ZgE7ZWhli7pW34hNbNl8Ojv5KVmkJD4hBdD3th8Tfk9vYasLM+mXWOZhFkgZfxhLSnrwRr4elSSg==",
        "dependencies": {
          "is-extglob": "is-extglob@2.1.1"
        }
      },
      "is-number@7.0.0": {
        "integrity": "sha512-41Cifkg6e8TylSpdtTpeLVMqvSBEVzTttHvERD741+pnZ8ANv0004MRL43QKPDlK9cGvNp6NZWZUBlbGXYxxng==",
        "dependencies": {}
      },
      "is-stream@2.0.1": {
        "integrity": "sha512-hFoiJiTl63nn+kstHGBtewWSKnQLpyb155KHheA1l39uvtO9nWIop1p3udqPcUd/xbF1VLMO4n7OI6p7RbngDg==",
        "dependencies": {}
      },
      "is-wsl@2.2.0": {
        "integrity": "sha512-fKzAra0rGJUUBwGBgNkHZuToZcn+TtXHpeCgmkMJMMYx1sQDYaCSyjJBSCa2nH1DGm7s3n1oBnohoVTBaN7Lww==",
        "dependencies": {
          "is-docker": "is-docker@2.2.1"
        }
      },
      "isexe@2.0.0": {
        "integrity": "sha512-RHxMLp9lnKHGHRng9QFhRCMbYAcVpn69smSGcq3f36xjgVVWThj4qqLbTLlq7Ssj8B+fIQ1EuCEGI2lKsyQeIw==",
        "dependencies": {}
      },
      "jiti@1.21.0": {
        "integrity": "sha512-gFqAIbuKyyso/3G2qhiO2OM6shY6EPP/R0+mkDbyspxKazh8BXDC5FiFsUjlczgdNz/vfra0da2y+aHrusLG/Q==",
        "dependencies": {}
      },
      "jsonc-parser@3.2.0": {
        "integrity": "sha512-gfFQZrcTc8CnKXp6Y4/CBT3fTc0OVuDofpre4aEeEpSBPV5X5v4+Vmx+8snU7RLPrNHPKSgLxGo9YuQzz20o+w==",
        "dependencies": {}
      },
      "listhen@1.5.5": {
        "integrity": "sha512-LXe8Xlyh3gnxdv4tSjTjscD1vpr/2PRpzq8YIaMJgyKzRG8wdISlWVWnGThJfHnlJ6hmLt2wq1yeeix0TEbuoA==",
        "dependencies": {
          "@parcel/watcher": "@parcel/watcher@2.3.0",
          "@parcel/watcher-wasm": "@parcel/watcher-wasm@2.3.0",
          "citty": "citty@0.1.4",
          "clipboardy": "clipboardy@3.0.0",
          "consola": "consola@3.2.3",
          "defu": "defu@6.1.3",
          "get-port-please": "get-port-please@3.1.1",
          "h3": "h3@1.8.2",
          "http-shutdown": "http-shutdown@1.2.2",
          "jiti": "jiti@1.21.0",
          "mlly": "mlly@1.4.2",
          "node-forge": "node-forge@1.3.1",
          "pathe": "pathe@1.1.1",
          "std-env": "std-env@3.4.3",
          "ufo": "ufo@1.3.1",
          "untun": "untun@0.1.2",
          "uqr": "uqr@0.1.2"
        }
      },
      "lodash.defaults@4.2.0": {
        "integrity": "sha512-qjxPLHd3r5DnsdGacqOMU6pb/avJzdh9tFX2ymgoZE27BmjXrNy/y4LoaiTeAb+O3gL8AfpJGtqfX/ae2leYYQ==",
        "dependencies": {}
      },
      "lodash.isarguments@3.1.0": {
        "integrity": "sha512-chi4NHZlZqZD18a0imDHnZPrDeBbTtVN7GXMwuGdRH9qotxAjYs3aVLKc7zNOG9eddR5Ksd8rvFEBc9SsggPpg==",
        "dependencies": {}
      },
      "lru-cache@10.0.2": {
        "integrity": "sha512-Yj9mA8fPiVgOUpByoTZO5pNrcl5Yk37FcSHsUINpAsaBIEZIuqcCclDZJCVxqQShDsmYX8QG63svJiTbOATZwg==",
        "dependencies": {
          "semver": "semver@7.5.4"
        }
      },
      "lru-cache@6.0.0": {
        "integrity": "sha512-Jo6dJ04CmSjuznwJSS3pUeWmd/H0ffTlkXXgwZi+eq1UCmqQwCh+eLsYOYCwY991i2Fah4h1BEMCx4qThGbsiA==",
        "dependencies": {
          "yallist": "yallist@4.0.0"
        }
      },
      "lucia@2.7.4": {
        "integrity": "sha512-do6Aah5kX2DUl7N0CvELWV1/b+qZGF0AUmUrkthYeNfXfgx4RAkWi4BkAlgGDBB/0c1WApb18mUD1pA5qTaWmw==",
        "dependencies": {}
      },
      "merge-stream@2.0.0": {
        "integrity": "sha512-abv/qOcuPfk3URPfDzmZU1LKmuw8kT+0nIHvKrKgFrwifol/doWcdA4ZqsWQ8ENrFKkd67Mfpo/LovbIUsbt3w==",
        "dependencies": {}
      },
      "micromatch@4.0.5": {
        "integrity": "sha512-DMy+ERcEW2q8Z2Po+WNXuw3c5YaUSFjAO5GsJqfEl7UjvtIuFKO6ZrKvcItdy98dwFI2N1tg3zNIdKaQT+aNdA==",
        "dependencies": {
          "braces": "braces@3.0.2",
          "picomatch": "picomatch@2.3.1"
        }
      },
      "mime@3.0.0": {
        "integrity": "sha512-jSCU7/VB1loIWBZe14aEYHU/+1UMEHoaO7qxCOVJOw9GgH72VAWppxNcjU+x9a2k3GSIBXNKxXQFqRvvZ7vr3A==",
        "dependencies": {}
      },
      "mimic-fn@2.1.0": {
        "integrity": "sha512-OqbOk5oEQeAZ8WXWydlu9HJjz9WVdEIvamMCcXmuqUYjTknH/sqsWvhQ3vgwKFRR1HpjvNBKQ37nbJgYzGqGcg==",
        "dependencies": {}
      },
      "mlly@1.4.2": {
        "integrity": "sha512-i/Ykufi2t1EZ6NaPLdfnZk2AX8cs0d+mTzVKuPfqPKPatxLApaBoxJQ9x1/uckXtrS/U5oisPMDkNs0yQTaBRg==",
        "dependencies": {
          "acorn": "acorn@8.11.2",
          "pathe": "pathe@1.1.1",
          "pkg-types": "pkg-types@1.0.3",
          "ufo": "ufo@1.3.1"
        }
      },
      "mri@1.2.0": {
        "integrity": "sha512-tzzskb3bG8LvYGFF/mDTpq3jpI6Q9wc3LEmBaghu+DdCssd1FakN7Bc0hVNmEyGq1bq3RgfkCb3cmQLpNPOroA==",
        "dependencies": {}
      },
      "ms@2.1.2": {
        "integrity": "sha512-sGkPx+VjMtmA6MX27oA4FBFELFCZZ4S4XqeGOXCv68tT+jb3vk/RyaKWP0PTKyWtmLSM0b+adUTEvbs1PEaH2w==",
        "dependencies": {}
      },
      "napi-wasm@1.1.0": {
        "integrity": "sha512-lHwIAJbmLSjF9VDRm9GoVOy9AGp3aIvkjv+Kvz9h16QR3uSVYH78PNQUnT2U4X53mhlnV2M7wrhibQ3GHicDmg==",
        "dependencies": {}
      },
      "node-addon-api@7.0.0": {
        "integrity": "sha512-vgbBJTS4m5/KkE16t5Ly0WW9hz46swAstv0hYYwMtbG7AznRhNyfLRe8HZAiWIpcHzoO7HxhLuBQj9rJ/Ho0ZA==",
        "dependencies": {}
      },
      "node-fetch-native@1.4.1": {
        "integrity": "sha512-NsXBU0UgBxo2rQLOeWNZqS3fvflWePMECr8CoSWoSTqCqGbVVsvl9vZu1HfQicYN0g5piV9Gh8RTEvo/uP752w==",
        "dependencies": {}
      },
      "node-forge@1.3.1": {
        "integrity": "sha512-dPEtOeMvF9VMcYV/1Wb8CPoVAXtp6MKMlcbAt4ddqmGqUJ6fQZFXkNZNkNlfevtNkGtaSoXf/vNNNSvgrdXwtA==",
        "dependencies": {}
      },
      "normalize-path@3.0.0": {
        "integrity": "sha512-6eZs5Ls3WtCisHWp9S2GUy8dqkpGi4BVSz3GaqiE6ezub0512ESztXUwUB6C6IKbQkY2Pnb/mD4WYojCRwcwLA==",
        "dependencies": {}
      },
      "npm-run-path@4.0.1": {
        "integrity": "sha512-S48WzZW777zhNIrn7gxOlISNAqi9ZC/uQFnRdbeIHhZhCA6UqpkOT8T1G7BvfdgP4Er8gF4sUbaS0i7QvIfCWw==",
        "dependencies": {
          "path-key": "path-key@3.1.1"
        }
      },
      "ofetch@1.3.3": {
        "integrity": "sha512-s1ZCMmQWXy4b5K/TW9i/DtiN8Ku+xCiHcjQ6/J/nDdssirrQNOoB165Zu8EqLMA2lln1JUth9a0aW9Ap2ctrUg==",
        "dependencies": {
          "destr": "destr@2.0.2",
          "node-fetch-native": "node-fetch-native@1.4.1",
          "ufo": "ufo@1.3.1"
        }
      },
      "onetime@5.1.2": {
        "integrity": "sha512-kbpaSSGJTWdAY5KPVeMOKXSrPtr8C8C7wodJbcsd51jRnmD+GZu8Y0VoU6Dm5Z4vWr0Ig/1NKuWRKf7j5aaYSg==",
        "dependencies": {
          "mimic-fn": "mimic-fn@2.1.0"
        }
      },
      "path-key@3.1.1": {
        "integrity": "sha512-ojmeN0qd+y0jszEtoY48r0Peq5dwMEkIlCOu6Q5f41lfkswXuKtYrhgoTpLnyIcHm24Uhqx+5Tqm2InSwLhE6Q==",
        "dependencies": {}
      },
      "pathe@1.1.1": {
        "integrity": "sha512-d+RQGp0MAYTIaDBIMmOfMwz3E+LOZnxx1HZd5R18mmCZY0QBlK0LDZfPc8FW8Ed2DlvsuE6PRjroDY+wg4+j/Q==",
        "dependencies": {}
      },
      "picomatch@2.3.1": {
        "integrity": "sha512-JU3teHTNjmE2VCGFzuY8EXzCDVwEqB2a8fsIvwaStHhAWJEeVd1o1QD80CU6+ZdEXXSLbSsuLwJjkCBWqRQUVA==",
        "dependencies": {}
      },
      "pkg-types@1.0.3": {
        "integrity": "sha512-nN7pYi0AQqJnoLPC9eHFQ8AcyaixBUOwvqc5TDnIKCMEE6I0y8P7OKA7fPexsXGCGxQDl/cmrLAp26LhcwxZ4A==",
        "dependencies": {
          "jsonc-parser": "jsonc-parser@3.2.0",
          "mlly": "mlly@1.4.2",
          "pathe": "pathe@1.1.1"
        }
      },
      "radix3@1.1.0": {
        "integrity": "sha512-pNsHDxbGORSvuSScqNJ+3Km6QAVqk8CfsCBIEoDgpqLrkD2f3QM4I7d1ozJJ172OmIcoUcerZaNWqtLkRXTV3A==",
        "dependencies": {}
      },
      "readdirp@3.6.0": {
        "integrity": "sha512-hOS089on8RduqdbhvQ5Z37A0ESjsqz6qnRcffsMU3495FuTdqSm+7bhJ29JvIOsBDEEnan5DPu9t3To9VRlMzA==",
        "dependencies": {
          "picomatch": "picomatch@2.3.1"
        }
      },
      "redis-errors@1.2.0": {
        "integrity": "sha512-1qny3OExCf0UvUV/5wpYKf2YwPcOqXzkwKKSmKHiE6ZMQs5heeE/c8eXK+PNllPvmjgAbfnsbpkGZWy8cBpn9w==",
        "dependencies": {}
      },
      "redis-parser@3.0.0": {
        "integrity": "sha512-DJnGAeenTdpMEH6uAJRK/uiyEIH9WVsUmoLwzudwGJUwZPp80PDBWPHXSAGNPwNvIXAbe7MSUB1zQFugFml66A==",
        "dependencies": {
          "redis-errors": "redis-errors@1.2.0"
        }
      },
      "semver@7.5.4": {
        "integrity": "sha512-1bCSESV6Pv+i21Hvpxp3Dx+pSD8lIPt8uVjRrxAUt/nbswYc+tK6Y2btiULjd4+fnq15PX+nqQDC7Oft7WkwcA==",
        "dependencies": {
          "lru-cache": "lru-cache@6.0.0"
        }
      },
      "shebang-command@2.0.0": {
        "integrity": "sha512-kHxr2zZpYtdmrN1qDjrrX/Z1rR1kG8Dx+gkpK1G4eXmvXswmcE1hTWBWYUzlraYw1/yZp6YuDY77YtvbN0dmDA==",
        "dependencies": {
          "shebang-regex": "shebang-regex@3.0.0"
        }
      },
      "shebang-regex@3.0.0": {
        "integrity": "sha512-7++dFhtcx3353uBaq8DDR4NuxBetBzC7ZQOhmTQInHEd6bSrXdiEyzCvG07Z44UYdLShWUyXt5M/yhz8ekcb1A==",
        "dependencies": {}
      },
      "signal-exit@3.0.7": {
        "integrity": "sha512-wnD2ZE+l+SPC/uoS0vXeE9L1+0wuaMqKlfz9AMUo38JsyLSBWSFcHR1Rri62LZc12vLr1gb3jl7iwQhgwpAbGQ==",
        "dependencies": {}
      },
      "standard-as-callback@2.1.0": {
        "integrity": "sha512-qoRRSyROncaz1z0mvYqIE4lCd9p2R90i6GxW3uZv5ucSu8tU7B5HXUP1gG8pVZsYNVaXjk8ClXHPttLyxAL48A==",
        "dependencies": {}
      },
      "std-env@3.4.3": {
        "integrity": "sha512-f9aPhy8fYBuMN+sNfakZV18U39PbalgjXG3lLB9WkaYTxijru61wb57V9wxxNthXM5Sd88ETBWi29qLAsHO52Q==",
        "dependencies": {}
      },
      "strip-final-newline@2.0.0": {
        "integrity": "sha512-BrpvfNAE3dcvq7ll3xVumzjKjZQ5tI1sEUIKr3Uoks0XUl45St3FlatVqef9prk4jRDzhW6WZg+3bk93y6pLjA==",
        "dependencies": {}
      },
      "to-regex-range@5.0.1": {
        "integrity": "sha512-65P7iz6X5yEr1cwcgvQxbbIw7Uk3gOy5dIdtZ4rDveLqhrdJP+Li/Hx6tyK0NEb+2GCyneCMJiGqrADCSNk8sQ==",
        "dependencies": {
          "is-number": "is-number@7.0.0"
        }
      },
      "ufo@1.3.1": {
        "integrity": "sha512-uY/99gMLIOlJPwATcMVYfqDSxUR9//AUcgZMzwfSTJPDKzA1S8mX4VLqa+fiAtveraQUBCz4FFcwVZBGbwBXIw==",
        "dependencies": {}
      },
      "uncrypto@0.1.3": {
        "integrity": "sha512-Ql87qFHB3s/De2ClA9e0gsnS6zXG27SkTiSJwjCc9MebbfapQfuPzumMIUMi38ezPZVNFcHI9sUIepeQfw8J8Q==",
        "dependencies": {}
      },
      "unenv@1.7.4": {
        "integrity": "sha512-fjYsXYi30It0YCQYqLOcT6fHfMXsBr2hw9XC7ycf8rTG7Xxpe3ZssiqUnD0khrjiZEmkBXWLwm42yCSCH46fMw==",
        "dependencies": {
          "consola": "consola@3.2.3",
          "defu": "defu@6.1.3",
          "mime": "mime@3.0.0",
          "node-fetch-native": "node-fetch-native@1.4.1",
          "pathe": "pathe@1.1.1"
        }
      },
      "unstorage@1.9.0": {
        "integrity": "sha512-VpD8ZEYc/le8DZCrny3bnqKE4ZjioQxBRnWE+j5sGNvziPjeDlaS1NaFFHzl/kkXaO3r7UaF8MGQrs14+1B4pQ==",
        "dependencies": {
          "anymatch": "anymatch@3.1.3",
          "chokidar": "chokidar@3.5.3",
          "destr": "destr@2.0.2",
          "h3": "h3@1.8.2",
          "ioredis": "ioredis@5.3.2",
          "listhen": "listhen@1.5.5",
          "lru-cache": "lru-cache@10.0.2",
          "mri": "mri@1.2.0",
          "node-fetch-native": "node-fetch-native@1.4.1",
          "ofetch": "ofetch@1.3.3",
          "ufo": "ufo@1.3.1"
        }
      },
      "untun@0.1.2": {
        "integrity": "sha512-wLAMWvxfqyTiBODA1lg3IXHQtjggYLeTK7RnSfqtOXixWJ3bAa2kK/HHmOOg19upteqO3muLvN6O/icbyQY33Q==",
        "dependencies": {
          "citty": "citty@0.1.4",
          "consola": "consola@3.2.3",
          "pathe": "pathe@1.1.1"
        }
      },
      "uqr@0.1.2": {
        "integrity": "sha512-MJu7ypHq6QasgF5YRTjqscSzQp/W11zoUk6kvmlH+fmWEs63Y0Eib13hYFwAzagRJcVY8WVnlV+eBDUGMJ5IbA==",
        "dependencies": {}
      },
      "which@2.0.2": {
        "integrity": "sha512-BLI3Tl1TW3Pvl70l3yq3Y64i+awpwXqsGBYWkkqMtnbXgrMD+yj7rhW0kuEDxzJaYXGjEW5ogapKNMEKNMjibA==",
        "dependencies": {
          "isexe": "isexe@2.0.0"
        }
      },
      "yallist@4.0.0": {
        "integrity": "sha512-3wdGidZyq5PB084XLES5TpOSRA3wjXAlIWMhum2kRcv/41Sn2emQ0dycQW4uZXLejwKvg6EsvbdlVL+FYEct7A==",
        "dependencies": {}
      }
    }
  },
  "remote": {}
}
